{
  "version": 4,
  "terraform_version": "0.12.28",
  "serial": 7,
  "lineage": "c4cba77e-309d-4b47-cda3-2334d63fd0f7",
  "outputs": {
    "vmss_public_ip": {
      "value": "qnfbix.eastus.cloudapp.azure.com",
      "type": "string"
    }
  },
  "resources": [
    {
      "mode": "managed",
      "type": "azurerm_public_ip",
      "name": "terra",
      "provider": "provider.azurerm",
      "instances": [
        {
          "schema_version": 0,
          "attributes": {
            "allocation_method": "Static",
            "domain_name_label": "qnfbix",
            "fqdn": "qnfbix.eastus.cloudapp.azure.com",
            "id": "/subscriptions/b5dacf4f-4c7b-40f2-9ba7-78d4762f21f7/resourceGroups/MyDemo/providers/Microsoft.Network/publicIPAddresses/terra-public-ip",
            "idle_timeout_in_minutes": 4,
            "ip_address": "52.188.205.45",
            "ip_version": "IPv4",
            "location": "eastus",
            "name": "terra-public-ip",
            "public_ip_address_allocation": "Static",
            "public_ip_prefix_id": null,
            "resource_group_name": "MyDemo",
            "reverse_fqdn": "",
            "sku": "Basic",
            "tags": {
              "environment": "myfirstlab"
            },
            "zones": []
          },
          "private": "bnVsbA==",
          "dependencies": [
            "azurerm_resource_group.terra",
            "random_string.fqdn"
          ]
        }
      ]
    },
    {
      "mode": "managed",
      "type": "azurerm_resource_group",
      "name": "terra",
      "provider": "provider.azurerm",
      "instances": [
        {
          "schema_version": 0,
          "attributes": {
            "id": "/subscriptions/b5dacf4f-4c7b-40f2-9ba7-78d4762f21f7/resourceGroups/MyDemo",
            "location": "eastus",
            "name": "MyDemo",
            "tags": {
              "environment": "myfirstlab"
            }
          },
          "private": "bnVsbA=="
        }
      ]
    },
    {
      "mode": "managed",
      "type": "azurerm_subnet",
      "name": "terra",
      "provider": "provider.azurerm",
      "instances": [
        {
          "schema_version": 0,
          "attributes": {
            "address_prefix": "10.0.2.0/24",
            "delegation": [],
            "enforce_private_link_endpoint_network_policies": false,
            "enforce_private_link_service_network_policies": false,
            "id": "/subscriptions/b5dacf4f-4c7b-40f2-9ba7-78d4762f21f7/resourceGroups/MyDemo/providers/Microsoft.Network/virtualNetworks/terra-vnet/subnets/terra-subnet",
            "ip_configurations": [],
            "name": "terra-subnet",
            "network_security_group_id": "",
            "resource_group_name": "MyDemo",
            "route_table_id": "",
            "service_endpoints": [],
            "virtual_network_name": "terra-vnet"
          },
          "private": "bnVsbA==",
          "dependencies": [
            "azurerm_resource_group.terra",
            "azurerm_virtual_network.terra"
          ]
        }
      ]
    },
    {
      "mode": "managed",
      "type": "azurerm_virtual_network",
      "name": "terra",
      "provider": "provider.azurerm",
      "instances": [
        {
          "schema_version": 0,
          "attributes": {
            "address_space": [
              "10.0.0.0/16"
            ],
            "ddos_protection_plan": [],
            "dns_servers": [],
            "id": "/subscriptions/b5dacf4f-4c7b-40f2-9ba7-78d4762f21f7/resourceGroups/MyDemo/providers/Microsoft.Network/virtualNetworks/terra-vnet",
            "location": "eastus",
            "name": "terra-vnet",
            "resource_group_name": "MyDemo",
            "subnet": [
              {
                "address_prefix": "10.0.2.0/24",
                "id": "/subscriptions/b5dacf4f-4c7b-40f2-9ba7-78d4762f21f7/resourceGroups/MyDemo/providers/Microsoft.Network/virtualNetworks/terra-vnet/subnets/terra-subnet",
                "name": "terra-subnet",
                "security_group": ""
              }
            ],
            "tags": {
              "environment": "myfirstlab"
            }
          },
          "private": "bnVsbA==",
          "dependencies": [
            "azurerm_resource_group.terra"
          ]
        }
      ]
    },
    {
      "mode": "managed",
      "type": "random_string",
      "name": "fqdn",
      "provider": "provider.random",
      "instances": [
        {
          "schema_version": 1,
          "attributes": {
            "id": "qnfbix",
            "keepers": null,
            "length": 6,
            "lower": true,
            "min_lower": 0,
            "min_numeric": 0,
            "min_special": 0,
            "min_upper": 0,
            "number": false,
            "override_special": null,
            "result": "qnfbix",
            "special": false,
            "upper": false
          },
          "private": "eyJzY2hlbWFfdmVyc2lvbiI6IjEifQ=="
        }
      ]
    }
  ]
}
